
Microsoft Visual Studio Solution File, Format Version 12.00
# Visual Studio Version 17
VisualStudioVersion = 17.11.35327.3
MinimumVisualStudioVersion = 10.0.40219.1
Project("{FAE04EC0-301F-11D3-BF4B-00C04F79EFBC}") = "ASPCoreAppWeb", "ASPCoreAppWeb\ASPCoreAppWeb.csproj", "{C01FCC96-7449-4CF8-8236-E15E07CE362B}"
EndProject
Global
	GlobalSection(SolutionConfigurationPlatforms) = preSolution
		Debug|Any CPU = Debug|Any CPU
		Release|Any CPU = Release|Any CPU
	EndGlobalSection
	GlobalSection(ProjectConfigurationPlatforms) = postSolution
		{C01FCC96-7449-4CF8-8236-E15E07CE362B}.Debug|Any CPU.ActiveCfg = Debug|Any CPU
		{C01FCC96-7449-4CF8-8236-E15E07CE362B}.Debug|Any CPU.Build.0 = Debug|Any CPU
		{C01FCC96-7449-4CF8-8236-E15E07CE362B}.Release|Any CPU.ActiveCfg = Release|Any CPU
		{C01FCC96-7449-4CF8-8236-E15E07CE362B}.Release|Any CPU.Build.0 = Release|Any CPU
	EndGlobalSection
	GlobalSection(SolutionProperties) = preSolution
		HideSolutionNode = FALSE
	EndGlobalSection
	GlobalSection(ExtensibilityGlobals) = postSolution
		SolutionGuid = {322ABA65-2BCF-46E0-A772-1178B3496CE3}
	EndGlobalSection
EndGlobal
